
Microsoft Visual Studio Solution File, Format Version 12.00
# Visual Studio 15
VisualStudioVersion = 15.0.28307.438
MinimumVisualStudioVersion = 10.0.40219.1
Project("{FAE04EC0-301F-11D3-BF4B-00C04F79EFBC}") = "bankomat_proekt", "bankomat_proekt\bankomat_proekt.csproj", "{BEEF5DC0-F020-4F69-A79C-D529149DD84D}"
EndProject
Global
	GlobalSection(SolutionConfigurationPlatforms) = preSolution
		Debug|Any CPU = Debug|Any CPU
		Release|Any CPU = Release|Any CPU
	EndGlobalSection
	GlobalSection(ProjectConfigurationPlatforms) = postSolution
		{BEEF5DC0-F020-4F69-A79C-D529149DD84D}.Debug|Any CPU.ActiveCfg = Debug|Any CPU
		{BEEF5DC0-F020-4F69-A79C-D529149DD84D}.Debug|Any CPU.Build.0 = Debug|Any CPU
		{BEEF5DC0-F020-4F69-A79C-D529149DD84D}.Release|Any CPU.ActiveCfg = Release|Any CPU
		{BEEF5DC0-F020-4F69-A79C-D529149DD84D}.Release|Any CPU.Build.0 = Release|Any CPU
	EndGlobalSection
	GlobalSection(SolutionProperties) = preSolution
		HideSolutionNode = FALSE
	EndGlobalSection
	GlobalSection(ExtensibilityGlobals) = postSolution
		SolutionGuid = {04D25636-48BC-41CE-8A0C-E86818090C9E}
	EndGlobalSection
EndGlobal
